Microsoft Visual Studio Solution File, Format Version 12.00
# Visual Studio Version 17
VisualStudioVersion = 17.5.2.0
MinimumVisualStudioVersion = 10.0.40219.1
Project("{FAE04EC0-301F-11D3-BF4B-00C04F79EFBC}") = "mysling", "mysling.csproj", "{82BB60AE-2C38-4502-03F3-5F7B250DBD27}"
EndProject
Global
	GlobalSection(SolutionConfigurationPlatforms) = preSolution
		Debug|Any CPU = Debug|Any CPU
		Release|Any CPU = Release|Any CPU
	EndGlobalSection
	GlobalSection(ProjectConfigurationPlatforms) = postSolution
		{82BB60AE-2C38-4502-03F3-5F7B250DBD27}.Debug|Any CPU.ActiveCfg = Debug|Any CPU
		{82BB60AE-2C38-4502-03F3-5F7B250DBD27}.Debug|Any CPU.Build.0 = Debug|Any CPU
		{82BB60AE-2C38-4502-03F3-5F7B250DBD27}.Release|Any CPU.ActiveCfg = Release|Any CPU
		{82BB60AE-2C38-4502-03F3-5F7B250DBD27}.Release|Any CPU.Build.0 = Release|Any CPU
	EndGlobalSection
	GlobalSection(SolutionProperties) = preSolution
		HideSolutionNode = FALSE
	EndGlobalSection
	GlobalSection(ExtensibilityGlobals) = postSolution
		SolutionGuid = {89C053B6-E837-43F8-B175-CEBAB23F566E}
	EndGlobalSection
EndGlobal
